
Microsoft Visual Studio Solution File, Format Version 12.00
# Visual Studio Version 16
VisualStudioVersion = 16.0.31410.357
MinimumVisualStudioVersion = 10.0.40219.1
Project("{9A19103F-16F7-4668-BE54-9A1E7A4F7556}") = "WSProcesSa", "WSProcesSa\WSProcesSa.csproj", "{31FDC0AB-C5D9-4AB0-8DA0-F436D654A892}"
EndProject
Global
	GlobalSection(SolutionConfigurationPlatforms) = preSolution
		Debug|Any CPU = Debug|Any CPU
		Release|Any CPU = Release|Any CPU
	EndGlobalSection
	GlobalSection(ProjectConfigurationPlatforms) = postSolution
		{31FDC0AB-C5D9-4AB0-8DA0-F436D654A892}.Debug|Any CPU.ActiveCfg = Debug|Any CPU
		{31FDC0AB-C5D9-4AB0-8DA0-F436D654A892}.Debug|Any CPU.Build.0 = Debug|Any CPU
		{31FDC0AB-C5D9-4AB0-8DA0-F436D654A892}.Release|Any CPU.ActiveCfg = Release|Any CPU
		{31FDC0AB-C5D9-4AB0-8DA0-F436D654A892}.Release|Any CPU.Build.0 = Release|Any CPU
	EndGlobalSection
	GlobalSection(SolutionProperties) = preSolution
		HideSolutionNode = FALSE
	EndGlobalSection
	GlobalSection(ExtensibilityGlobals) = postSolution
		SolutionGuid = {A7CC4774-D13B-44CC-8CAF-9D4F3CF568F0}
	EndGlobalSection
EndGlobal
